{
    "_meta": {
        "hash": {
            "sha256": "..."
        },
        "pipfile-spec": 6,
        "requires": {
            "python_version": "3.8"
        },
        "sources": [
            {
                "name": "pypi",
                "url": "https://pypi.org/simple",
                "verify_ssl": true
            }
        ]
    },
    "default": {
        "jinja2": {
            "hashes": [
                "sha256:..."
            ],
            "version": "==3.1.5"
        },
        "pybtex": {
            "hashes": [
                "sha256:..."
            ],
            "version": "==0.24.0"
        },
        "pyyaml": {
            "hashes": [
                "sha256:..."
            ],
            "version": "==5.4"
        }
    },
    "develop": {}
}
